// !$*UTF8*$!
{
	archiveVersion = 1;
	classes = {
	};
	objectVersion = 46;
	objects = {

/* Begin PBXBuildFile section */
		593CA78C5B7C08BB93C400CA /* Pods_VirusAlert.framework in Frameworks */ = {isa = PBXBuildFile; fileRef = FB01A22C3476E66896C97418 /* Pods_VirusAlert.framework */; };
		C00772C11E6D47BD00E579DE /* CustomPointAnnotation.swift in Sources */ = {isa = PBXBuildFile; fileRef = C00772C01E6D47BD00E579DE /* CustomPointAnnotation.swift */; };
		C01539541E6E7E5300E0E14A /* mosquitobite.gif in Resources */ = {isa = PBXBuildFile; fileRef = C01539531E6E7E5300E0E14A /* mosquitobite.gif */; };
		C05431BD1E66B058003C7CE7 /* CoreLocation.framework in Frameworks */ = {isa = PBXBuildFile; fileRef = C05431BC1E66B058003C7CE7 /* CoreLocation.framework */; };
		C05431BF1E66B062003C7CE7 /* MapKit.framework in Frameworks */ = {isa = PBXBuildFile; fileRef = C05431BE1E66B062003C7CE7 /* MapKit.framework */; };
		C05431C11E66D32C003C7CE7 /* CustomTabBarController.swift in Sources */ = {isa = PBXBuildFile; fileRef = C05431C01E66D32C003C7CE7 /* CustomTabBarController.swift */; };
		C05431C31E66E2DA003C7CE7 /* Tips.storyboard in Resources */ = {isa = PBXBuildFile; fileRef = C05431C21E66E2DA003C7CE7 /* Tips.storyboard */; };
		C05431C51E66E37D003C7CE7 /* TipsViewController.swift in Sources */ = {isa = PBXBuildFile; fileRef = C05431C41E66E37D003C7CE7 /* TipsViewController.swift */; };
		C05431C81E67C03E003C7CE7 /* Statistics.storyboard in Resources */ = {isa = PBXBuildFile; fileRef = C05431C71E67C03E003C7CE7 /* Statistics.storyboard */; };
		C09435C71E66A13F00E2F88E /* Auth.storyboard in Resources */ = {isa = PBXBuildFile; fileRef = C09435C61E66A13F00E2F88E /* Auth.storyboard */; };
		C09A13631E668C0B006B0DF4 /* AppDelegate.swift in Sources */ = {isa = PBXBuildFile; fileRef = C09A13621E668C0B006B0DF4 /* AppDelegate.swift */; };
		C09A13651E668C0B006B0DF4 /* MapViewController.swift in Sources */ = {isa = PBXBuildFile; fileRef = C09A13641E668C0B006B0DF4 /* MapViewController.swift */; };
		C09A13681E668C0B006B0DF4 /* Main.storyboard in Resources */ = {isa = PBXBuildFile; fileRef = C09A13661E668C0B006B0DF4 /* Main.storyboard */; };
		C09A136A1E668C0B006B0DF4 /* Assets.xcassets in Resources */ = {isa = PBXBuildFile; fileRef = C09A13691E668C0B006B0DF4 /* Assets.xcassets */; };
		C09A136D1E668C0B006B0DF4 /* LaunchScreen.storyboard in Resources */ = {isa = PBXBuildFile; fileRef = C09A136B1E668C0B006B0DF4 /* LaunchScreen.storyboard */; };
		C0BA2AF91E6E6DA60019AF35 /* GifImageExtension.swift in Sources */ = {isa = PBXBuildFile; fileRef = C0BA2AF81E6E6DA60019AF35 /* GifImageExtension.swift */; };
		C0BA2AFB1E6E6F150019AF35 /* dna.gif in Resources */ = {isa = PBXBuildFile; fileRef = C0BA2AFA1E6E6F150019AF35 /* dna.gif */; };
		C0F0EBB51E67DC77004DCB14 /* Hospital.swift in Sources */ = {isa = PBXBuildFile; fileRef = C0F0EBB41E67DC77004DCB14 /* Hospital.swift */; };
		DD0483FE1E6E6B0F005E069B /* SWRevealViewController.m in Sources */ = {isa = PBXBuildFile; fileRef = DD0483FD1E6E6B0F005E069B /* SWRevealViewController.m */; };
		DD04840A1E6ECE73005E069B /* TableViewResultDisplay.swift in Sources */ = {isa = PBXBuildFile; fileRef = DD0484091E6ECE73005E069B /* TableViewResultDisplay.swift */; };
		DD28607C1E7137DE0018AE50 /* UserPostViewController.swift in Sources */ = {isa = PBXBuildFile; fileRef = DD28607B1E7137DE0018AE50 /* UserPostViewController.swift */; };
		DD33DA3F1E7404FA00A3F7FE /* ResultShowViewController.swift in Sources */ = {isa = PBXBuildFile; fileRef = DD33DA3E1E7404FA00A3F7FE /* ResultShowViewController.swift */; };
		DD33DA481E75C61700A3F7FE /* micro2.gif in Resources */ = {isa = PBXBuildFile; fileRef = DD33DA471E75C61700A3F7FE /* micro2.gif */; };
		DD33DA4A1E75C6A400A3F7FE /* micro.gif in Resources */ = {isa = PBXBuildFile; fileRef = DD33DA491E75C6A400A3F7FE /* micro.gif */; };
		DDFD92631E669CA50059E0E6 /* GoogleService-Info.plist in Resources */ = {isa = PBXBuildFile; fileRef = DDFD92621E669CA50059E0E6 /* GoogleService-Info.plist */; };
		DDFD92671E66D8050059E0E6 /* LoginViewController.swift in Sources */ = {isa = PBXBuildFile; fileRef = DDFD92661E66D8050059E0E6 /* LoginViewController.swift */; };
		DDFD92691E66D82F0059E0E6 /* Login.storyboard in Resources */ = {isa = PBXBuildFile; fileRef = DDFD92681E66D82F0059E0E6 /* Login.storyboard */; };
		DDFD926B1E66D8AB0059E0E6 /* RegisterViewController.swift in Sources */ = {isa = PBXBuildFile; fileRef = DDFD926A1E66D8AB0059E0E6 /* RegisterViewController.swift */; };
		DDFD926D1E66E5080059E0E6 /* PostViewController.swift in Sources */ = {isa = PBXBuildFile; fileRef = DDFD926C1E66E5080059E0E6 /* PostViewController.swift */; };
/* End PBXBuildFile section */

/* Begin PBXFileReference section */
		151C143CEC1A24378398BFCD /* Pods-VirusAlert.release.xcconfig */ = {isa = PBXFileReference; includeInIndex = 1; lastKnownFileType = text.xcconfig; name = "Pods-VirusAlert.release.xcconfig"; path = "Pods/Target Support Files/Pods-VirusAlert/Pods-VirusAlert.release.xcconfig"; sourceTree = "<group>"; };
		59A416B35AF4433B780C193D /* Pods-VirusAlert.debug.xcconfig */ = {isa = PBXFileReference; includeInIndex = 1; lastKnownFileType = text.xcconfig; name = "Pods-VirusAlert.debug.xcconfig"; path = "Pods/Target Support Files/Pods-VirusAlert/Pods-VirusAlert.debug.xcconfig"; sourceTree = "<group>"; };
		C00772C01E6D47BD00E579DE /* CustomPointAnnotation.swift */ = {isa = PBXFileReference; fileEncoding = 4; lastKnownFileType = sourcecode.swift; path = CustomPointAnnotation.swift; sourceTree = "<group>"; };
		C01539531E6E7E5300E0E14A /* mosquitobite.gif */ = {isa = PBXFileReference; lastKnownFileType = image.gif; path = mosquitobite.gif; sourceTree = "<group>"; };
		C05431BC1E66B058003C7CE7 /* CoreLocation.framework */ = {isa = PBXFileReference; lastKnownFileType = wrapper.framework; name = CoreLocation.framework; path = System/Library/Frameworks/CoreLocation.framework; sourceTree = SDKROOT; };
		C05431BE1E66B062003C7CE7 /* MapKit.framework */ = {isa = PBXFileReference; lastKnownFileType = wrapper.framework; name = MapKit.framework; path = System/Library/Frameworks/MapKit.framework; sourceTree = SDKROOT; };
		C05431C01E66D32C003C7CE7 /* CustomTabBarController.swift */ = {isa = PBXFileReference; fileEncoding = 4; lastKnownFileType = sourcecode.swift; path = CustomTabBarController.swift; sourceTree = "<group>"; };
		C05431C21E66E2DA003C7CE7 /* Tips.storyboard */ = {isa = PBXFileReference; fileEncoding = 4; lastKnownFileType = file.storyboard; path = Tips.storyboard; sourceTree = "<group>"; };
		C05431C41E66E37D003C7CE7 /* TipsViewController.swift */ = {isa = PBXFileReference; fileEncoding = 4; lastKnownFileType = sourcecode.swift; path = TipsViewController.swift; sourceTree = "<group>"; };
		C05431C71E67C03E003C7CE7 /* Statistics.storyboard */ = {isa = PBXFileReference; fileEncoding = 4; lastKnownFileType = file.storyboard; path = Statistics.storyboard; sourceTree = "<group>"; };
		C09435C61E66A13F00E2F88E /* Auth.storyboard */ = {isa = PBXFileReference; fileEncoding = 4; lastKnownFileType = file.storyboard; path = Auth.storyboard; sourceTree = "<group>"; };
		C09A135F1E668C0B006B0DF4 /* VirusAlert.app */ = {isa = PBXFileReference; explicitFileType = wrapper.application; includeInIndex = 0; path = VirusAlert.app; sourceTree = BUILT_PRODUCTS_DIR; };
		C09A13621E668C0B006B0DF4 /* AppDelegate.swift */ = {isa = PBXFileReference; lastKnownFileType = sourcecode.swift; path = AppDelegate.swift; sourceTree = "<group>"; };
		C09A13641E668C0B006B0DF4 /* MapViewController.swift */ = {isa = PBXFileReference; lastKnownFileType = sourcecode.swift; path = MapViewController.swift; sourceTree = "<group>"; };
		C09A13671E668C0B006B0DF4 /* Base */ = {isa = PBXFileReference; lastKnownFileType = file.storyboard; name = Base; path = Base.lproj/Main.storyboard; sourceTree = "<group>"; };
		C09A13691E668C0B006B0DF4 /* Assets.xcassets */ = {isa = PBXFileReference; lastKnownFileType = folder.assetcatalog; path = Assets.xcassets; sourceTree = "<group>"; };
		C09A136C1E668C0B006B0DF4 /* Base */ = {isa = PBXFileReference; lastKnownFileType = file.storyboard; name = Base; path = Base.lproj/LaunchScreen.storyboard; sourceTree = "<group>"; };
		C09A136E1E668C0B006B0DF4 /* Info.plist */ = {isa = PBXFileReference; lastKnownFileType = text.plist.xml; path = Info.plist; sourceTree = "<group>"; };
		C0BA2AF81E6E6DA60019AF35 /* GifImageExtension.swift */ = {isa = PBXFileReference; fileEncoding = 4; lastKnownFileType = sourcecode.swift; path = GifImageExtension.swift; sourceTree = "<group>"; };
		C0BA2AFA1E6E6F150019AF35 /* dna.gif */ = {isa = PBXFileReference; lastKnownFileType = image.gif; path = dna.gif; sourceTree = "<group>"; };
		C0F0EBB41E67DC77004DCB14 /* Hospital.swift */ = {isa = PBXFileReference; fileEncoding = 4; lastKnownFileType = sourcecode.swift; path = Hospital.swift; sourceTree = "<group>"; };
		DD004F611E69536400AFB7BF /* VirusAlert.entitlements */ = {isa = PBXFileReference; lastKnownFileType = text.plist.entitlements; path = VirusAlert.entitlements; sourceTree = "<group>"; };
		DD0483FB1E6E6B0E005E069B /* VirusAlert-Bridging-Header.h */ = {isa = PBXFileReference; lastKnownFileType = sourcecode.c.h; path = "VirusAlert-Bridging-Header.h"; sourceTree = "<group>"; };
		DD0483FC1E6E6B0F005E069B /* SWRevealViewController.h */ = {isa = PBXFileReference; fileEncoding = 4; lastKnownFileType = sourcecode.c.h; path = SWRevealViewController.h; sourceTree = "<group>"; };
		DD0483FD1E6E6B0F005E069B /* SWRevealViewController.m */ = {isa = PBXFileReference; fileEncoding = 4; lastKnownFileType = sourcecode.c.objc; path = SWRevealViewController.m; sourceTree = "<group>"; };
		DD0484091E6ECE73005E069B /* TableViewResultDisplay.swift */ = {isa = PBXFileReference; fileEncoding = 4; lastKnownFileType = sourcecode.swift; path = TableViewResultDisplay.swift; sourceTree = "<group>"; };
		DD28607B1E7137DE0018AE50 /* UserPostViewController.swift */ = {isa = PBXFileReference; fileEncoding = 4; lastKnownFileType = sourcecode.swift; path = UserPostViewController.swift; sourceTree = "<group>"; };
		DD33DA3E1E7404FA00A3F7FE /* ResultShowViewController.swift */ = {isa = PBXFileReference; fileEncoding = 4; lastKnownFileType = sourcecode.swift; path = ResultShowViewController.swift; sourceTree = "<group>"; };
		DD33DA471E75C61700A3F7FE /* micro2.gif */ = {isa = PBXFileReference; lastKnownFileType = image.gif; name = micro2.gif; path = ../../../Downloads/micro2.gif; sourceTree = "<group>"; };
		DD33DA491E75C6A400A3F7FE /* micro.gif */ = {isa = PBXFileReference; lastKnownFileType = image.gif; name = micro.gif; path = ../../../Downloads/micro.gif; sourceTree = "<group>"; };
		DDFD92621E669CA50059E0E6 /* GoogleService-Info.plist */ = {isa = PBXFileReference; fileEncoding = 4; lastKnownFileType = text.plist.xml; path = "GoogleService-Info.plist"; sourceTree = "<group>"; };
		DDFD92661E66D8050059E0E6 /* LoginViewController.swift */ = {isa = PBXFileReference; fileEncoding = 4; lastKnownFileType = sourcecode.swift; path = LoginViewController.swift; sourceTree = "<group>"; };
		DDFD92681E66D82F0059E0E6 /* Login.storyboard */ = {isa = PBXFileReference; fileEncoding = 4; lastKnownFileType = file.storyboard; path = Login.storyboard; sourceTree = "<group>"; };
		DDFD926A1E66D8AB0059E0E6 /* RegisterViewController.swift */ = {isa = PBXFileReference; fileEncoding = 4; lastKnownFileType = sourcecode.swift; path = RegisterViewController.swift; sourceTree = "<group>"; };
		DDFD926C1E66E5080059E0E6 /* PostViewController.swift */ = {isa = PBXFileReference; fileEncoding = 4; lastKnownFileType = sourcecode.swift; path = PostViewController.swift; sourceTree = "<group>"; };
		FB01A22C3476E66896C97418 /* Pods_VirusAlert.framework */ = {isa = PBXFileReference; explicitFileType = wrapper.framework; includeInIndex = 0; path = Pods_VirusAlert.framework; sourceTree = BUILT_PRODUCTS_DIR; };
/* End PBXFileReference section */

/* Begin PBXFrameworksBuildPhase section */
		C09A135C1E668C0B006B0DF4 /* Frameworks */ = {
			isa = PBXFrameworksBuildPhase;
			buildActionMask = 2147483647;
			files = (
				C05431BF1E66B062003C7CE7 /* MapKit.framework in Frameworks */,
				C05431BD1E66B058003C7CE7 /* CoreLocation.framework in Frameworks */,
				593CA78C5B7C08BB93C400CA /* Pods_VirusAlert.framework in Frameworks */,
			);
			runOnlyForDeploymentPostprocessing = 0;
		};
/* End PBXFrameworksBuildPhase section */

/* Begin PBXGroup section */
		4D1B7BA3A3A86D0A0DA66011 /* Frameworks */ = {
			isa = PBXGroup;
			children = (
				C05431BE1E66B062003C7CE7 /* MapKit.framework */,
				C05431BC1E66B058003C7CE7 /* CoreLocation.framework */,
				FB01A22C3476E66896C97418 /* Pods_VirusAlert.framework */,
			);
			name = Frameworks;
			sourceTree = "<group>";
		};
		C05431C61E66E382003C7CE7 /* Tips - Symptons/Prevention */ = {
			isa = PBXGroup;
			children = (
				C05431C21E66E2DA003C7CE7 /* Tips.storyboard */,
				C05431C41E66E37D003C7CE7 /* TipsViewController.swift */,
				C01539531E6E7E5300E0E14A /* mosquitobite.gif */,
				C05431CB1E67C05A003C7CE7 /* Statistics */,
			);
			name = "Tips - Symptons/Prevention";
			sourceTree = "<group>";
		};
		C05431CB1E67C05A003C7CE7 /* Statistics */ = {
			isa = PBXGroup;
			children = (
				C05431C71E67C03E003C7CE7 /* Statistics.storyboard */,
				DD28607B1E7137DE0018AE50 /* UserPostViewController.swift */,
			);
			name = Statistics;
			sourceTree = "<group>";
		};
		C09435C81E66A14600E2F88E /* Authentication */ = {
			isa = PBXGroup;
			children = (
				C09435C61E66A13F00E2F88E /* Auth.storyboard */,
			);
			name = Authentication;
			sourceTree = "<group>";
		};
		C09A13561E668C0B006B0DF4 = {
			isa = PBXGroup;
			children = (
				C09A13611E668C0B006B0DF4 /* VirusAlert */,
				C09A13601E668C0B006B0DF4 /* Products */,
				D07A17DC21505A8D6A604974 /* Pods */,
				4D1B7BA3A3A86D0A0DA66011 /* Frameworks */,
			);
			sourceTree = "<group>";
		};
		C09A13601E668C0B006B0DF4 /* Products */ = {
			isa = PBXGroup;
			children = (
				C09A135F1E668C0B006B0DF4 /* VirusAlert.app */,
			);
			name = Products;
			sourceTree = "<group>";
		};
		C09A13611E668C0B006B0DF4 /* VirusAlert */ = {
			isa = PBXGroup;
			children = (
				DD004F611E69536400AFB7BF /* VirusAlert.entitlements */,
				C09A13621E668C0B006B0DF4 /* AppDelegate.swift */,
				C05431C01E66D32C003C7CE7 /* CustomTabBarController.swift */,
				C09435C81E66A14600E2F88E /* Authentication */,
				C09A13641E668C0B006B0DF4 /* MapViewController.swift */,
				DD33DA3E1E7404FA00A3F7FE /* ResultShowViewController.swift */,
				C00772C01E6D47BD00E579DE /* CustomPointAnnotation.swift */,
				C0F0EBB41E67DC77004DCB14 /* Hospital.swift */,
				DD0484091E6ECE73005E069B /* TableViewResultDisplay.swift */,
				C09A13661E668C0B006B0DF4 /* Main.storyboard */,
				DD0483FC1E6E6B0F005E069B /* SWRevealViewController.h */,
				DD0483FD1E6E6B0F005E069B /* SWRevealViewController.m */,
				DD0483FB1E6E6B0E005E069B /* VirusAlert-Bridging-Header.h */,
				C09A13691E668C0B006B0DF4 /* Assets.xcassets */,
				C09A136B1E668C0B006B0DF4 /* LaunchScreen.storyboard */,
				C09A136E1E668C0B006B0DF4 /* Info.plist */,
				DDFD92621E669CA50059E0E6 /* GoogleService-Info.plist */,
				C05431C61E66E382003C7CE7 /* Tips - Symptons/Prevention */,
				DDFD92651E66A29C0059E0E6 /* Rock */,
				DDFD92641E66A2920059E0E6 /* YungHoe */,
			);
			path = VirusAlert;
			sourceTree = "<group>";
		};
		D07A17DC21505A8D6A604974 /* Pods */ = {
			isa = PBXGroup;
			children = (
				59A416B35AF4433B780C193D /* Pods-VirusAlert.debug.xcconfig */,
				151C143CEC1A24378398BFCD /* Pods-VirusAlert.release.xcconfig */,
			);
			name = Pods;
			sourceTree = "<group>";
		};
		DDFD92641E66A2920059E0E6 /* YungHoe */ = {
			isa = PBXGroup;
			children = (
			);
			name = YungHoe;
			sourceTree = "<group>";
		};
		DDFD92651E66A29C0059E0E6 /* Rock */ = {
			isa = PBXGroup;
			children = (
				DD33DA471E75C61700A3F7FE /* micro2.gif */,
				DD33DA491E75C6A400A3F7FE /* micro.gif */,
				C0BA2AFA1E6E6F150019AF35 /* dna.gif */,
				DDFD92661E66D8050059E0E6 /* LoginViewController.swift */,
				C0BA2AF81E6E6DA60019AF35 /* GifImageExtension.swift */,
				DDFD926A1E66D8AB0059E0E6 /* RegisterViewController.swift */,
				DDFD926C1E66E5080059E0E6 /* PostViewController.swift */,
				DDFD92681E66D82F0059E0E6 /* Login.storyboard */,
			);
			name = Rock;
			sourceTree = "<group>";
		};
/* End PBXGroup section */

/* Begin PBXNativeTarget section */
		C09A135E1E668C0B006B0DF4 /* VirusAlert */ = {
			isa = PBXNativeTarget;
			buildConfigurationList = C09A13711E668C0B006B0DF4 /* Build configuration list for PBXNativeTarget "VirusAlert" */;
			buildPhases = (
				687A1BE7C6BBB2CF39E3E7AA /* [CP] Check Pods Manifest.lock */,
				C09A135B1E668C0B006B0DF4 /* Sources */,
				C09A135C1E668C0B006B0DF4 /* Frameworks */,
				C09A135D1E668C0B006B0DF4 /* Resources */,
				784F7BD4B00D996975607F0B /* [CP] Embed Pods Frameworks */,
				F40B6749F7F6011015AB75A0 /* [CP] Copy Pods Resources */,
			);
			buildRules = (
			);
			dependencies = (
			);
			name = VirusAlert;
			productName = VirusAlert;
			productReference = C09A135F1E668C0B006B0DF4 /* VirusAlert.app */;
			productType = "com.apple.product-type.application";
		};
/* End PBXNativeTarget section */

/* Begin PBXProject section */
		C09A13571E668C0B006B0DF4 /* Project object */ = {
			isa = PBXProject;
			attributes = {
				LastSwiftUpdateCheck = 0820;
				LastUpgradeCheck = 0820;
				ORGANIZATIONNAME = "Seow Yung Hoe";
				TargetAttributes = {
					C09A135E1E668C0B006B0DF4 = {
						CreatedOnToolsVersion = 8.2.1;
						DevelopmentTeam = ZQ547JDPVM;
						LastSwiftMigration = 0820;
						ProvisioningStyle = Automatic;
						SystemCapabilities = {
							com.apple.Keychain = {
								enabled = 0;
							};
						};
					};
				};
			};
			buildConfigurationList = C09A135A1E668C0B006B0DF4 /* Build configuration list for PBXProject "VirusAlert" */;
			compatibilityVersion = "Xcode 3.2";
			developmentRegion = English;
			hasScannedForEncodings = 0;
			knownRegions = (
				en,
				Base,
			);
			mainGroup = C09A13561E668C0B006B0DF4;
			productRefGroup = C09A13601E668C0B006B0DF4 /* Products */;
			projectDirPath = "";
			projectRoot = "";
			targets = (
				C09A135E1E668C0B006B0DF4 /* VirusAlert */,
			);
		};
/* End PBXProject section */

/* Begin PBXResourcesBuildPhase section */
		C09A135D1E668C0B006B0DF4 /* Resources */ = {
			isa = PBXResourcesBuildPhase;
			buildActionMask = 2147483647;
			files = (
				C0BA2AFB1E6E6F150019AF35 /* dna.gif in Resources */,
				DD33DA481E75C61700A3F7FE /* micro2.gif in Resources */,
				C05431C31E66E2DA003C7CE7 /* Tips.storyboard in Resources */,
				C09A136D1E668C0B006B0DF4 /* LaunchScreen.storyboard in Resources */,
				DDFD92631E669CA50059E0E6 /* GoogleService-Info.plist in Resources */,
				DDFD92691E66D82F0059E0E6 /* Login.storyboard in Resources */,
				C09435C71E66A13F00E2F88E /* Auth.storyboard in Resources */,
				C09A136A1E668C0B006B0DF4 /* Assets.xcassets in Resources */,
				C01539541E6E7E5300E0E14A /* mosquitobite.gif in Resources */,
				C05431C81E67C03E003C7CE7 /* Statistics.storyboard in Resources */,
				C09A13681E668C0B006B0DF4 /* Main.storyboard in Resources */,
				DD33DA4A1E75C6A400A3F7FE /* micro.gif in Resources */,
			);
			runOnlyForDeploymentPostprocessing = 0;
		};
/* End PBXResourcesBuildPhase section */

/* Begin PBXShellScriptBuildPhase section */
		687A1BE7C6BBB2CF39E3E7AA /* [CP] Check Pods Manifest.lock */ = {
			isa = PBXShellScriptBuildPhase;
			buildActionMask = 2147483647;
			files = (
			);
			inputPaths = (
			);
			name = "[CP] Check Pods Manifest.lock";
			outputPaths = (
			);
			runOnlyForDeploymentPostprocessing = 0;
			shellPath = /bin/sh;
			shellScript = "diff \"${PODS_ROOT}/../Podfile.lock\" \"${PODS_ROOT}/Manifest.lock\" > /dev/null\nif [ $? != 0 ] ; then\n    # print error to STDERR\n    echo \"error: The sandbox is not in sync with the Podfile.lock. Run 'pod install' or update your CocoaPods installation.\" >&2\n    exit 1\nfi\n";
			showEnvVarsInLog = 0;
		};
		784F7BD4B00D996975607F0B /* [CP] Embed Pods Frameworks */ = {
			isa = PBXShellScriptBuildPhase;
			buildActionMask = 2147483647;
			files = (
			);
			inputPaths = (
			);
			name = "[CP] Embed Pods Frameworks";
			outputPaths = (
			);
			runOnlyForDeploymentPostprocessing = 0;
			shellPath = /bin/sh;
			shellScript = "\"${SRCROOT}/Pods/Target Support Files/Pods-VirusAlert/Pods-VirusAlert-frameworks.sh\"\n";
			showEnvVarsInLog = 0;
		};
		F40B6749F7F6011015AB75A0 /* [CP] Copy Pods Resources */ = {
			isa = PBXShellScriptBuildPhase;
			buildActionMask = 2147483647;
			files = (
			);
			inputPaths = (
			);
			name = "[CP] Copy Pods Resources";
			outputPaths = (
			);
			runOnlyForDeploymentPostprocessing = 0;
			shellPath = /bin/sh;
			shellScript = "\"${SRCROOT}/Pods/Target Support Files/Pods-VirusAlert/Pods-VirusAlert-resources.sh\"\n";
			showEnvVarsInLog = 0;
		};
/* End PBXShellScriptBuildPhase section */

/* Begin PBXSourcesBuildPhase section */
		C09A135B1E668C0B006B0DF4 /* Sources */ = {
			isa = PBXSourcesBuildPhase;
			buildActionMask = 2147483647;
			files = (
				C09A13651E668C0B006B0DF4 /* MapViewController.swift in Sources */,
				DDFD92671E66D8050059E0E6 /* LoginViewController.swift in Sources */,
				DD33DA3F1E7404FA00A3F7FE /* ResultShowViewController.swift in Sources */,
				C09A13631E668C0B006B0DF4 /* AppDelegate.swift in Sources */,
				C05431C51E66E37D003C7CE7 /* TipsViewController.swift in Sources */,
				C0F0EBB51E67DC77004DCB14 /* Hospital.swift in Sources */,
				C00772C11E6D47BD00E579DE /* CustomPointAnnotation.swift in Sources */,
				DD28607C1E7137DE0018AE50 /* UserPostViewController.swift in Sources */,
				DD04840A1E6ECE73005E069B /* TableViewResultDisplay.swift in Sources */,
				C05431C11E66D32C003C7CE7 /* CustomTabBarController.swift in Sources */,
				DD0483FE1E6E6B0F005E069B /* SWRevealViewController.m in Sources */,
				C0BA2AF91E6E6DA60019AF35 /* GifImageExtension.swift in Sources */,
				DDFD926B1E66D8AB0059E0E6 /* RegisterViewController.swift in Sources */,
				DDFD926D1E66E5080059E0E6 /* PostViewController.swift in Sources */,
			);
			runOnlyForDeploymentPostprocessing = 0;
		};
/* End PBXSourcesBuildPhase section */

/* Begin PBXVariantGroup section */
		C09A13661E668C0B006B0DF4 /* Main.storyboard */ = {
			isa = PBXVariantGroup;
			children = (
				C09A13671E668C0B006B0DF4 /* Base */,
			);
			name = Main.storyboard;
			sourceTree = "<group>";
		};
		C09A136B1E668C0B006B0DF4 /* LaunchScreen.storyboard */ = {
			isa = PBXVariantGroup;
			children = (
				C09A136C1E668C0B006B0DF4 /* Base */,
			);
			name = LaunchScreen.storyboard;
			sourceTree = "<group>";
		};
/* End PBXVariantGroup section */

/* Begin XCBuildConfiguration section */
		C09A136F1E668C0B006B0DF4 /* Debug */ = {
			isa = XCBuildConfiguration;
			buildSettings = {
				ALWAYS_SEARCH_USER_PATHS = NO;
				CLANG_ANALYZER_NONNULL = YES;
				CLANG_CXX_LANGUAGE_STANDARD = "gnu++0x";
				CLANG_CXX_LIBRARY = "libc++";
				CLANG_ENABLE_MODULES = YES;
				CLANG_ENABLE_OBJC_ARC = YES;
				CLANG_WARN_BOOL_CONVERSION = YES;
				CLANG_WARN_CONSTANT_CONVERSION = YES;
				CLANG_WARN_DIRECT_OBJC_ISA_USAGE = YES_ERROR;
				CLANG_WARN_DOCUMENTATION_COMMENTS = YES;
				CLANG_WARN_EMPTY_BODY = YES;
				CLANG_WARN_ENUM_CONVERSION = YES;
				CLANG_WARN_INFINITE_RECURSION = YES;
				CLANG_WARN_INT_CONVERSION = YES;
				CLANG_WARN_OBJC_ROOT_CLASS = YES_ERROR;
				CLANG_WARN_SUSPICIOUS_MOVE = YES;
				CLANG_WARN_UNREACHABLE_CODE = YES;
				CLANG_WARN__DUPLICATE_METHOD_MATCH = YES;
				"CODE_SIGN_IDENTITY[sdk=iphoneos*]" = "iPhone Developer";
				COPY_PHASE_STRIP = NO;
				DEBUG_INFORMATION_FORMAT = dwarf;
				ENABLE_STRICT_OBJC_MSGSEND = YES;
				ENABLE_TESTABILITY = YES;
				GCC_C_LANGUAGE_STANDARD = gnu99;
				GCC_DYNAMIC_NO_PIC = NO;
				GCC_NO_COMMON_BLOCKS = YES;
				GCC_OPTIMIZATION_LEVEL = 0;
				GCC_PREPROCESSOR_DEFINITIONS = (
					"DEBUG=1",
					"$(inherited)",
				);
				GCC_WARN_64_TO_32_BIT_CONVERSION = YES;
				GCC_WARN_ABOUT_RETURN_TYPE = YES_ERROR;
				GCC_WARN_UNDECLARED_SELECTOR = YES;
				GCC_WARN_UNINITIALIZED_AUTOS = YES_AGGRESSIVE;
				GCC_WARN_UNUSED_FUNCTION = YES;
				GCC_WARN_UNUSED_VARIABLE = YES;
				IPHONEOS_DEPLOYMENT_TARGET = 10.2;
				MTL_ENABLE_DEBUG_INFO = YES;
				ONLY_ACTIVE_ARCH = YES;
				SDKROOT = iphoneos;
				SWIFT_ACTIVE_COMPILATION_CONDITIONS = DEBUG;
				SWIFT_OPTIMIZATION_LEVEL = "-Onone";
			};
			name = Debug;
		};
		C09A13701E668C0B006B0DF4 /* Release */ = {
			isa = XCBuildConfiguration;
			buildSettings = {
				ALWAYS_SEARCH_USER_PATHS = NO;
				CLANG_ANALYZER_NONNULL = YES;
				CLANG_CXX_LANGUAGE_STANDARD = "gnu++0x";
				CLANG_CXX_LIBRARY = "libc++";
				CLANG_ENABLE_MODULES = YES;
				CLANG_ENABLE_OBJC_ARC = YES;
				CLANG_WARN_BOOL_CONVERSION = YES;
				CLANG_WARN_CONSTANT_CONVERSION = YES;
				CLANG_WARN_DIRECT_OBJC_ISA_USAGE = YES_ERROR;
				CLANG_WARN_DOCUMENTATION_COMMENTS = YES;
				CLANG_WARN_EMPTY_BODY = YES;
				CLANG_WARN_ENUM_CONVERSION = YES;
				CLANG_WARN_INFINITE_RECURSION = YES;
				CLANG_WARN_INT_CONVERSION = YES;
				CLANG_WARN_OBJC_ROOT_CLASS = YES_ERROR;
				CLANG_WARN_SUSPICIOUS_MOVE = YES;
				CLANG_WARN_UNREACHABLE_CODE = YES;
				CLANG_WARN__DUPLICATE_METHOD_MATCH = YES;
				"CODE_SIGN_IDENTITY[sdk=iphoneos*]" = "iPhone Developer";
				COPY_PHASE_STRIP = NO;
				DEBUG_INFORMATION_FORMAT = "dwarf-with-dsym";
				ENABLE_NS_ASSERTIONS = NO;
				ENABLE_STRICT_OBJC_MSGSEND = YES;
				GCC_C_LANGUAGE_STANDARD = gnu99;
				GCC_NO_COMMON_BLOCKS = YES;
				GCC_WARN_64_TO_32_BIT_CONVERSION = YES;
				GCC_WARN_ABOUT_RETURN_TYPE = YES_ERROR;
				GCC_WARN_UNDECLARED_SELECTOR = YES;
				GCC_WARN_UNINITIALIZED_AUTOS = YES_AGGRESSIVE;
				GCC_WARN_UNUSED_FUNCTION = YES;
				GCC_WARN_UNUSED_VARIABLE = YES;
				IPHONEOS_DEPLOYMENT_TARGET = 10.2;
				MTL_ENABLE_DEBUG_INFO = NO;
				SDKROOT = iphoneos;
				SWIFT_OPTIMIZATION_LEVEL = "-Owholemodule";
				VALIDATE_PRODUCT = YES;
			};
			name = Release;
		};
		C09A13721E668C0B006B0DF4 /* Debug */ = {
			isa = XCBuildConfiguration;
			baseConfigurationReference = 59A416B35AF4433B780C193D /* Pods-VirusAlert.debug.xcconfig */;
			buildSettings = {
				ASSETCATALOG_COMPILER_APPICON_NAME = AppIcon;
				CLANG_ENABLE_MODULES = YES;
				"CODE_SIGN_IDENTITY[sdk=iphoneos*]" = "iPhone Developer";
				DEVELOPMENT_TEAM = ZQ547JDPVM;
				INFOPLIST_FILE = VirusAlert/Info.plist;
				LD_RUNPATH_SEARCH_PATHS = "$(inherited) @executable_path/Frameworks";
				PRODUCT_BUNDLE_IDENTIFIER = com.crazy.VirusAlert;
				PRODUCT_NAME = "$(TARGET_NAME)";
				SWIFT_OBJC_BRIDGING_HEADER = "VirusAlert/VirusAlert-Bridging-Header.h";
				SWIFT_OPTIMIZATION_LEVEL = "-Onone";
				SWIFT_VERSION = 3.0;
			};
			name = Debug;
		};
		C09A13731E668C0B006B0DF4 /* Release */ = {
			isa = XCBuildConfiguration;
			baseConfigurationReference = 151C143CEC1A24378398BFCD /* Pods-VirusAlert.release.xcconfig */;
			buildSettings = {
				ASSETCATALOG_COMPILER_APPICON_NAME = AppIcon;
				CLANG_ENABLE_MODULES = YES;
				"CODE_SIGN_IDENTITY[sdk=iphoneos*]" = "iPhone Developer";
				DEVELOPMENT_TEAM = ZQ547JDPVM;
				INFOPLIST_FILE = VirusAlert/Info.plist;
				LD_RUNPATH_SEARCH_PATHS = "$(inherited) @executable_path/Frameworks";
				PRODUCT_BUNDLE_IDENTIFIER = com.crazy.VirusAlert;
				PRODUCT_NAME = "$(TARGET_NAME)";
				SWIFT_OBJC_BRIDGING_HEADER = "VirusAlert/VirusAlert-Bridging-Header.h";
				SWIFT_VERSION = 3.0;
			};
			name = Release;
		};
/* End XCBuildConfiguration section */

/* Begin XCConfigurationList section */
		C09A135A1E668C0B006B0DF4 /* Build configuration list for PBXProject "VirusAlert" */ = {
			isa = XCConfigurationList;
			buildConfigurations = (
				C09A136F1E668C0B006B0DF4 /* Debug */,
				C09A13701E668C0B006B0DF4 /* Release */,
			);
			defaultConfigurationIsVisible = 0;
			defaultConfigurationName = Release;
		};
		C09A13711E668C0B006B0DF4 /* Build configuration list for PBXNativeTarget "VirusAlert" */ = {
			isa = XCConfigurationList;
			buildConfigurations = (
				C09A13721E668C0B006B0DF4 /* Debug */,
				C09A13731E668C0B006B0DF4 /* Release */,
			);
			defaultConfigurationIsVisible = 0;
			defaultConfigurationName = Release;
		};
/* End XCConfigurationList section */
	};
	rootObject = C09A13571E668C0B006B0DF4 /* Project object */;
}
